
Microsoft Visual Studio Solution File, Format Version 12.00
# Visual Studio Version 16
VisualStudioVersion = 16.0.29519.87
MinimumVisualStudioVersion = 10.0.40219.1
Project("{FAE04EC0-301F-11D3-BF4B-00C04F79EFBC}") = "Client-Server ThayTu", "Client-Server ThayTu\Client-Server ThayTu.csproj", "{02342ECF-EE5C-4CA1-AADC-476CF0508AE1}"
EndProject
Global
	GlobalSection(SolutionConfigurationPlatforms) = preSolution
		Debug|Any CPU = Debug|Any CPU
		Release|Any CPU = Release|Any CPU
	EndGlobalSection
	GlobalSection(ProjectConfigurationPlatforms) = postSolution
		{02342ECF-EE5C-4CA1-AADC-476CF0508AE1}.Debug|Any CPU.ActiveCfg = Debug|Any CPU
		{02342ECF-EE5C-4CA1-AADC-476CF0508AE1}.Debug|Any CPU.Build.0 = Debug|Any CPU
		{02342ECF-EE5C-4CA1-AADC-476CF0508AE1}.Release|Any CPU.ActiveCfg = Release|Any CPU
		{02342ECF-EE5C-4CA1-AADC-476CF0508AE1}.Release|Any CPU.Build.0 = Release|Any CPU
	EndGlobalSection
	GlobalSection(SolutionProperties) = preSolution
		HideSolutionNode = FALSE
	EndGlobalSection
	GlobalSection(ExtensibilityGlobals) = postSolution
		SolutionGuid = {2426883D-3F1D-4265-865F-93859FED6CF3}
	EndGlobalSection
EndGlobal
